
Microsoft Visual Studio Solution File, Format Version 12.00
# Visual Studio Version 16
VisualStudioVersion = 16.0.31205.134
MinimumVisualStudioVersion = 10.0.40219.1
Project("{FAE04EC0-301F-11D3-BF4B-00C04F79EFBC}") = "OlaMundo", "OlaMundo\OlaMundo.csproj", "{21831461-2916-45D5-825F-2025A1CBEF60}"
EndProject
Global
	GlobalSection(SolutionConfigurationPlatforms) = preSolution
		Debug|Any CPU = Debug|Any CPU
		Release|Any CPU = Release|Any CPU
	EndGlobalSection
	GlobalSection(ProjectConfigurationPlatforms) = postSolution
		{21831461-2916-45D5-825F-2025A1CBEF60}.Debug|Any CPU.ActiveCfg = Debug|Any CPU
		{21831461-2916-45D5-825F-2025A1CBEF60}.Debug|Any CPU.Build.0 = Debug|Any CPU
		{21831461-2916-45D5-825F-2025A1CBEF60}.Release|Any CPU.ActiveCfg = Release|Any CPU
		{21831461-2916-45D5-825F-2025A1CBEF60}.Release|Any CPU.Build.0 = Release|Any CPU
	EndGlobalSection
	GlobalSection(SolutionProperties) = preSolution
		HideSolutionNode = FALSE
	EndGlobalSection
	GlobalSection(ExtensibilityGlobals) = postSolution
		SolutionGuid = {DC1A16BA-1CE1-49DD-AF52-0309FE423D7E}
	EndGlobalSection
EndGlobal
